
Microsoft Visual Studio Solution File, Format Version 12.00
# Visual Studio Version 17
VisualStudioVersion = 17.5.002.0
MinimumVisualStudioVersion = 10.0.40219.1
Project("{9A19103F-16F7-4668-BE54-9A1E7A4F7556}") = "мой справочник", "мой справочник.csproj", "{A2E54B50-2117-4C58-99E3-D72F1663D316}"
EndProject
Global
	GlobalSection(SolutionConfigurationPlatforms) = preSolution
		Debug|Any CPU = Debug|Any CPU
		Release|Any CPU = Release|Any CPU
	EndGlobalSection
	GlobalSection(ProjectConfigurationPlatforms) = postSolution
		{A2E54B50-2117-4C58-99E3-D72F1663D316}.Debug|Any CPU.ActiveCfg = Debug|Any CPU
		{A2E54B50-2117-4C58-99E3-D72F1663D316}.Debug|Any CPU.Build.0 = Debug|Any CPU
		{A2E54B50-2117-4C58-99E3-D72F1663D316}.Release|Any CPU.ActiveCfg = Release|Any CPU
		{A2E54B50-2117-4C58-99E3-D72F1663D316}.Release|Any CPU.Build.0 = Release|Any CPU
	EndGlobalSection
	GlobalSection(SolutionProperties) = preSolution
		HideSolutionNode = FALSE
	EndGlobalSection
	GlobalSection(ExtensibilityGlobals) = postSolution
		SolutionGuid = {DC2E3934-2E5C-4F60-9B64-A626BF683E67}
	EndGlobalSection
EndGlobal
